# This file is generated by running "yarn install" inside your project.
# Manual changes might be lost - proceed with caution!

__metadata:
  version: 8
  cacheKey: 10c0

"k6@npm:^0.0.0":
  version: 0.0.0
  resolution: "k6@npm:0.0.0"
  checksum: 10c0/c3a1e47a08444b90e8865321d7a3e1b656d352263357e5cff332ced88510b6a2d19a161352f7b37243670388474e8e73cb70e702915d430d1c94e37234e8e271
  languageName: node
  linkType: hard

"loadtest@workspace:.":
  version: 0.0.0-use.local
  resolution: "loadtest@workspace:."
  dependencies:
    k6: "npm:^0.0.0"
  languageName: unknown
  linkType: soft
